// !$*UTF8*$!
{
	archiveVersion = 1;
	classes = {
	};
	objectVersion = 46;
	objects = {

/* Begin PBXBuildFile section */
		D210A5B81DC113EA007C32EA /* VerbPresent+CoreDataClass.swift in Sources */ = {isa = PBXBuildFile; fileRef = D210A5AA1DC113EA007C32EA /* VerbPresent+CoreDataClass.swift */; };
		D210A5B91DC113EA007C32EA /* VerbPresent+CoreDataProperties.swift in Sources */ = {isa = PBXBuildFile; fileRef = D210A5AB1DC113EA007C32EA /* VerbPresent+CoreDataProperties.swift */; };
		D210A5BA1DC113EA007C32EA /* VerbFuture+CoreDataClass.swift in Sources */ = {isa = PBXBuildFile; fileRef = D210A5AC1DC113EA007C32EA /* VerbFuture+CoreDataClass.swift */; };
		D210A5BB1DC113EA007C32EA /* VerbFuture+CoreDataProperties.swift in Sources */ = {isa = PBXBuildFile; fileRef = D210A5AD1DC113EA007C32EA /* VerbFuture+CoreDataProperties.swift */; };
		D210A5BC1DC113EA007C32EA /* VerbSimplePast+CoreDataClass.swift in Sources */ = {isa = PBXBuildFile; fileRef = D210A5AE1DC113EA007C32EA /* VerbSimplePast+CoreDataClass.swift */; };
		D210A5BD1DC113EA007C32EA /* VerbSimplePast+CoreDataProperties.swift in Sources */ = {isa = PBXBuildFile; fileRef = D210A5AF1DC113EA007C32EA /* VerbSimplePast+CoreDataProperties.swift */; };
		D210A5BE1DC113EA007C32EA /* VerbConditional+CoreDataClass.swift in Sources */ = {isa = PBXBuildFile; fileRef = D210A5B01DC113EA007C32EA /* VerbConditional+CoreDataClass.swift */; };
		D210A5BF1DC113EA007C32EA /* VerbConditional+CoreDataProperties.swift in Sources */ = {isa = PBXBuildFile; fileRef = D210A5B11DC113EA007C32EA /* VerbConditional+CoreDataProperties.swift */; };
		D210A5C01DC113EA007C32EA /* VerbImperative+CoreDataClass.swift in Sources */ = {isa = PBXBuildFile; fileRef = D210A5B21DC113EA007C32EA /* VerbImperative+CoreDataClass.swift */; };
		D210A5C11DC113EA007C32EA /* VerbImperative+CoreDataProperties.swift in Sources */ = {isa = PBXBuildFile; fileRef = D210A5B31DC113EA007C32EA /* VerbImperative+CoreDataProperties.swift */; };
		D210A5C21DC113EA007C32EA /* VerbHabitualPast+CoreDataClass.swift in Sources */ = {isa = PBXBuildFile; fileRef = D210A5B41DC113EA007C32EA /* VerbHabitualPast+CoreDataClass.swift */; };
		D210A5C31DC113EA007C32EA /* VerbHabitualPast+CoreDataProperties.swift in Sources */ = {isa = PBXBuildFile; fileRef = D210A5B51DC113EA007C32EA /* VerbHabitualPast+CoreDataProperties.swift */; };
		D210A5C41DC113EA007C32EA /* VerbPresentSubjunctive+CoreDataClass.swift in Sources */ = {isa = PBXBuildFile; fileRef = D210A5B61DC113EA007C32EA /* VerbPresentSubjunctive+CoreDataClass.swift */; };
		D210A5C51DC113EA007C32EA /* VerbPresentSubjunctive+CoreDataProperties.swift in Sources */ = {isa = PBXBuildFile; fileRef = D210A5B71DC113EA007C32EA /* VerbPresentSubjunctive+CoreDataProperties.swift */; };
		D2CB7C261DA047D30032B342 /* AppDelegate.swift in Sources */ = {isa = PBXBuildFile; fileRef = D2CB7C251DA047D30032B342 /* AppDelegate.swift */; };
		D2CB7C281DA047D30032B342 /* ViewController.swift in Sources */ = {isa = PBXBuildFile; fileRef = D2CB7C271DA047D30032B342 /* ViewController.swift */; };
		D2CB7C2B1DA047D30032B342 /* Main.storyboard in Resources */ = {isa = PBXBuildFile; fileRef = D2CB7C291DA047D30032B342 /* Main.storyboard */; };
		D2CB7C2E1DA047D30032B342 /* IrishGaelicVocabulary.xcdatamodeld in Sources */ = {isa = PBXBuildFile; fileRef = D2CB7C2C1DA047D30032B342 /* IrishGaelicVocabulary.xcdatamodeld */; };
		D2CB7C301DA047D30032B342 /* Assets.xcassets in Resources */ = {isa = PBXBuildFile; fileRef = D2CB7C2F1DA047D30032B342 /* Assets.xcassets */; };
		D2CB7C331DA047D30032B342 /* LaunchScreen.storyboard in Resources */ = {isa = PBXBuildFile; fileRef = D2CB7C311DA047D30032B342 /* LaunchScreen.storyboard */; };
		D2DAF58F1DC3E69B00215D9F /* VerbViewController.swift in Sources */ = {isa = PBXBuildFile; fileRef = D2DAF58E1DC3E69B00215D9F /* VerbViewController.swift */; };
		D2F9B2C31DC101F700D38035 /* Verb+CoreDataClass.swift in Sources */ = {isa = PBXBuildFile; fileRef = D2F9B2C11DC101F700D38035 /* Verb+CoreDataClass.swift */; };
		D2F9B2C41DC101F700D38035 /* Verb+CoreDataProperties.swift in Sources */ = {isa = PBXBuildFile; fileRef = D2F9B2C21DC101F700D38035 /* Verb+CoreDataProperties.swift */; };
/* End PBXBuildFile section */

/* Begin PBXFileReference section */
		D210A5AA1DC113EA007C32EA /* VerbPresent+CoreDataClass.swift */ = {isa = PBXFileReference; fileEncoding = 4; lastKnownFileType = sourcecode.swift; path = "VerbPresent+CoreDataClass.swift"; sourceTree = "<group>"; };
		D210A5AB1DC113EA007C32EA /* VerbPresent+CoreDataProperties.swift */ = {isa = PBXFileReference; fileEncoding = 4; lastKnownFileType = sourcecode.swift; path = "VerbPresent+CoreDataProperties.swift"; sourceTree = "<group>"; };
		D210A5AC1DC113EA007C32EA /* VerbFuture+CoreDataClass.swift */ = {isa = PBXFileReference; fileEncoding = 4; lastKnownFileType = sourcecode.swift; path = "VerbFuture+CoreDataClass.swift"; sourceTree = "<group>"; };
		D210A5AD1DC113EA007C32EA /* VerbFuture+CoreDataProperties.swift */ = {isa = PBXFileReference; fileEncoding = 4; lastKnownFileType = sourcecode.swift; path = "VerbFuture+CoreDataProperties.swift"; sourceTree = "<group>"; };
		D210A5AE1DC113EA007C32EA /* VerbSimplePast+CoreDataClass.swift */ = {isa = PBXFileReference; fileEncoding = 4; lastKnownFileType = sourcecode.swift; path = "VerbSimplePast+CoreDataClass.swift"; sourceTree = "<group>"; };
		D210A5AF1DC113EA007C32EA /* VerbSimplePast+CoreDataProperties.swift */ = {isa = PBXFileReference; fileEncoding = 4; lastKnownFileType = sourcecode.swift; path = "VerbSimplePast+CoreDataProperties.swift"; sourceTree = "<group>"; };
		D210A5B01DC113EA007C32EA /* VerbConditional+CoreDataClass.swift */ = {isa = PBXFileReference; fileEncoding = 4; lastKnownFileType = sourcecode.swift; path = "VerbConditional+CoreDataClass.swift"; sourceTree = "<group>"; };
		D210A5B11DC113EA007C32EA /* VerbConditional+CoreDataProperties.swift */ = {isa = PBXFileReference; fileEncoding = 4; lastKnownFileType = sourcecode.swift; path = "VerbConditional+CoreDataProperties.swift"; sourceTree = "<group>"; };
		D210A5B21DC113EA007C32EA /* VerbImperative+CoreDataClass.swift */ = {isa = PBXFileReference; fileEncoding = 4; lastKnownFileType = sourcecode.swift; path = "VerbImperative+CoreDataClass.swift"; sourceTree = "<group>"; };
		D210A5B31DC113EA007C32EA /* VerbImperative+CoreDataProperties.swift */ = {isa = PBXFileReference; fileEncoding = 4; lastKnownFileType = sourcecode.swift; path = "VerbImperative+CoreDataProperties.swift"; sourceTree = "<group>"; };
		D210A5B41DC113EA007C32EA /* VerbHabitualPast+CoreDataClass.swift */ = {isa = PBXFileReference; fileEncoding = 4; lastKnownFileType = sourcecode.swift; path = "VerbHabitualPast+CoreDataClass.swift"; sourceTree = "<group>"; };
		D210A5B51DC113EA007C32EA /* VerbHabitualPast+CoreDataProperties.swift */ = {isa = PBXFileReference; fileEncoding = 4; lastKnownFileType = sourcecode.swift; path = "VerbHabitualPast+CoreDataProperties.swift"; sourceTree = "<group>"; };
		D210A5B61DC113EA007C32EA /* VerbPresentSubjunctive+CoreDataClass.swift */ = {isa = PBXFileReference; fileEncoding = 4; lastKnownFileType = sourcecode.swift; path = "VerbPresentSubjunctive+CoreDataClass.swift"; sourceTree = "<group>"; };
		D210A5B71DC113EA007C32EA /* VerbPresentSubjunctive+CoreDataProperties.swift */ = {isa = PBXFileReference; fileEncoding = 4; lastKnownFileType = sourcecode.swift; path = "VerbPresentSubjunctive+CoreDataProperties.swift"; sourceTree = "<group>"; };
		D2CB7C221DA047D30032B342 /* IrishGaelicVocabulary.app */ = {isa = PBXFileReference; explicitFileType = wrapper.application; includeInIndex = 0; path = IrishGaelicVocabulary.app; sourceTree = BUILT_PRODUCTS_DIR; };
		D2CB7C251DA047D30032B342 /* AppDelegate.swift */ = {isa = PBXFileReference; lastKnownFileType = sourcecode.swift; path = AppDelegate.swift; sourceTree = "<group>"; };
		D2CB7C271DA047D30032B342 /* ViewController.swift */ = {isa = PBXFileReference; lastKnownFileType = sourcecode.swift; path = ViewController.swift; sourceTree = "<group>"; };
		D2CB7C2A1DA047D30032B342 /* Base */ = {isa = PBXFileReference; lastKnownFileType = file.storyboard; name = Base; path = Base.lproj/Main.storyboard; sourceTree = "<group>"; };
		D2CB7C2D1DA047D30032B342 /* IrishGaelicVocabulary.xcdatamodel */ = {isa = PBXFileReference; lastKnownFileType = wrapper.xcdatamodel; path = IrishGaelicVocabulary.xcdatamodel; sourceTree = "<group>"; };
		D2CB7C2F1DA047D30032B342 /* Assets.xcassets */ = {isa = PBXFileReference; lastKnownFileType = folder.assetcatalog; path = Assets.xcassets; sourceTree = "<group>"; };
		D2CB7C321DA047D30032B342 /* Base */ = {isa = PBXFileReference; lastKnownFileType = file.storyboard; name = Base; path = Base.lproj/LaunchScreen.storyboard; sourceTree = "<group>"; };
		D2CB7C341DA047D30032B342 /* Info.plist */ = {isa = PBXFileReference; lastKnownFileType = text.plist.xml; path = Info.plist; sourceTree = "<group>"; };
		D2DAF58E1DC3E69B00215D9F /* VerbViewController.swift */ = {isa = PBXFileReference; fileEncoding = 4; lastKnownFileType = sourcecode.swift; path = VerbViewController.swift; sourceTree = "<group>"; };
		D2F9B2C11DC101F700D38035 /* Verb+CoreDataClass.swift */ = {isa = PBXFileReference; fileEncoding = 4; lastKnownFileType = sourcecode.swift; path = "Verb+CoreDataClass.swift"; sourceTree = "<group>"; };
		D2F9B2C21DC101F700D38035 /* Verb+CoreDataProperties.swift */ = {isa = PBXFileReference; fileEncoding = 4; lastKnownFileType = sourcecode.swift; path = "Verb+CoreDataProperties.swift"; sourceTree = "<group>"; };
/* End PBXFileReference section */

/* Begin PBXFrameworksBuildPhase section */
		D2CB7C1F1DA047D30032B342 /* Frameworks */ = {
			isa = PBXFrameworksBuildPhase;
			buildActionMask = 2147483647;
			files = (
			);
			runOnlyForDeploymentPostprocessing = 0;
		};
/* End PBXFrameworksBuildPhase section */

/* Begin PBXGroup section */
		D2CB7C191DA047D30032B342 = {
			isa = PBXGroup;
			children = (
				D210A5AA1DC113EA007C32EA /* VerbPresent+CoreDataClass.swift */,
				D210A5AB1DC113EA007C32EA /* VerbPresent+CoreDataProperties.swift */,
				D210A5AC1DC113EA007C32EA /* VerbFuture+CoreDataClass.swift */,
				D210A5AD1DC113EA007C32EA /* VerbFuture+CoreDataProperties.swift */,
				D210A5AE1DC113EA007C32EA /* VerbSimplePast+CoreDataClass.swift */,
				D210A5AF1DC113EA007C32EA /* VerbSimplePast+CoreDataProperties.swift */,
				D210A5B01DC113EA007C32EA /* VerbConditional+CoreDataClass.swift */,
				D210A5B11DC113EA007C32EA /* VerbConditional+CoreDataProperties.swift */,
				D210A5B21DC113EA007C32EA /* VerbImperative+CoreDataClass.swift */,
				D210A5B31DC113EA007C32EA /* VerbImperative+CoreDataProperties.swift */,
				D210A5B41DC113EA007C32EA /* VerbHabitualPast+CoreDataClass.swift */,
				D210A5B51DC113EA007C32EA /* VerbHabitualPast+CoreDataProperties.swift */,
				D210A5B61DC113EA007C32EA /* VerbPresentSubjunctive+CoreDataClass.swift */,
				D210A5B71DC113EA007C32EA /* VerbPresentSubjunctive+CoreDataProperties.swift */,
				D2F9B2C11DC101F700D38035 /* Verb+CoreDataClass.swift */,
				D2F9B2C21DC101F700D38035 /* Verb+CoreDataProperties.swift */,
				D2CB7C241DA047D30032B342 /* IrishGaelicVocabulary */,
				D2CB7C231DA047D30032B342 /* Products */,
			);
			sourceTree = "<group>";
		};
		D2CB7C231DA047D30032B342 /* Products */ = {
			isa = PBXGroup;
			children = (
				D2CB7C221DA047D30032B342 /* IrishGaelicVocabulary.app */,
			);
			name = Products;
			sourceTree = "<group>";
		};
		D2CB7C241DA047D30032B342 /* IrishGaelicVocabulary */ = {
			isa = PBXGroup;
			children = (
				D2CB7C251DA047D30032B342 /* AppDelegate.swift */,
				D2CB7C271DA047D30032B342 /* ViewController.swift */,
				D2CB7C291DA047D30032B342 /* Main.storyboard */,
				D2CB7C2F1DA047D30032B342 /* Assets.xcassets */,
				D2CB7C311DA047D30032B342 /* LaunchScreen.storyboard */,
				D2CB7C341DA047D30032B342 /* Info.plist */,
				D2CB7C2C1DA047D30032B342 /* IrishGaelicVocabulary.xcdatamodeld */,
				D2DAF58E1DC3E69B00215D9F /* VerbViewController.swift */,
			);
			path = IrishGaelicVocabulary;
			sourceTree = "<group>";
		};
/* End PBXGroup section */

/* Begin PBXNativeTarget section */
		D2CB7C211DA047D30032B342 /* IrishGaelicVocabulary */ = {
			isa = PBXNativeTarget;
			buildConfigurationList = D2CB7C371DA047D30032B342 /* Build configuration list for PBXNativeTarget "IrishGaelicVocabulary" */;
			buildPhases = (
				D2CB7C1E1DA047D30032B342 /* Sources */,
				D2CB7C1F1DA047D30032B342 /* Frameworks */,
				D2CB7C201DA047D30032B342 /* Resources */,
			);
			buildRules = (
			);
			dependencies = (
			);
			name = IrishGaelicVocabulary;
			productName = IrishGaelicVocabulary;
			productReference = D2CB7C221DA047D30032B342 /* IrishGaelicVocabulary.app */;
			productType = "com.apple.product-type.application";
		};
/* End PBXNativeTarget section */

/* Begin PBXProject section */
		D2CB7C1A1DA047D30032B342 /* Project object */ = {
			isa = PBXProject;
			attributes = {
				LastSwiftUpdateCheck = 0800;
				LastUpgradeCheck = 0810;
				ORGANIZATIONNAME = Scott;
				TargetAttributes = {
					D2CB7C211DA047D30032B342 = {
						CreatedOnToolsVersion = 8.0;
						DevelopmentTeam = WEW965C484;
						ProvisioningStyle = Automatic;
					};
				};
			};
			buildConfigurationList = D2CB7C1D1DA047D30032B342 /* Build configuration list for PBXProject "IrishGaelicVocabulary" */;
			compatibilityVersion = "Xcode 3.2";
			developmentRegion = English;
			hasScannedForEncodings = 0;
			knownRegions = (
				en,
				Base,
			);
			mainGroup = D2CB7C191DA047D30032B342;
			productRefGroup = D2CB7C231DA047D30032B342 /* Products */;
			projectDirPath = "";
			projectRoot = "";
			targets = (
				D2CB7C211DA047D30032B342 /* IrishGaelicVocabulary */,
			);
		};
/* End PBXProject section */

/* Begin PBXResourcesBuildPhase section */
		D2CB7C201DA047D30032B342 /* Resources */ = {
			isa = PBXResourcesBuildPhase;
			buildActionMask = 2147483647;
			files = (
				D2CB7C331DA047D30032B342 /* LaunchScreen.storyboard in Resources */,
				D2CB7C301DA047D30032B342 /* Assets.xcassets in Resources */,
				D2CB7C2B1DA047D30032B342 /* Main.storyboard in Resources */,
			);
			runOnlyForDeploymentPostprocessing = 0;
		};
/* End PBXResourcesBuildPhase section */

/* Begin PBXSourcesBuildPhase section */
		D2CB7C1E1DA047D30032B342 /* Sources */ = {
			isa = PBXSourcesBuildPhase;
			buildActionMask = 2147483647;
			files = (
				D210A5BD1DC113EA007C32EA /* VerbSimplePast+CoreDataProperties.swift in Sources */,
				D210A5C51DC113EA007C32EA /* VerbPresentSubjunctive+CoreDataProperties.swift in Sources */,
				D2CB7C281DA047D30032B342 /* ViewController.swift in Sources */,
				D2F9B2C41DC101F700D38035 /* Verb+CoreDataProperties.swift in Sources */,
				D210A5B91DC113EA007C32EA /* VerbPresent+CoreDataProperties.swift in Sources */,
				D210A5C21DC113EA007C32EA /* VerbHabitualPast+CoreDataClass.swift in Sources */,
				D210A5C41DC113EA007C32EA /* VerbPresentSubjunctive+CoreDataClass.swift in Sources */,
				D210A5C01DC113EA007C32EA /* VerbImperative+CoreDataClass.swift in Sources */,
				D210A5BB1DC113EA007C32EA /* VerbFuture+CoreDataProperties.swift in Sources */,
				D2DAF58F1DC3E69B00215D9F /* VerbViewController.swift in Sources */,
				D210A5BE1DC113EA007C32EA /* VerbConditional+CoreDataClass.swift in Sources */,
				D210A5B81DC113EA007C32EA /* VerbPresent+CoreDataClass.swift in Sources */,
				D2CB7C261DA047D30032B342 /* AppDelegate.swift in Sources */,
				D210A5C31DC113EA007C32EA /* VerbHabitualPast+CoreDataProperties.swift in Sources */,
				D210A5BC1DC113EA007C32EA /* VerbSimplePast+CoreDataClass.swift in Sources */,
				D210A5BF1DC113EA007C32EA /* VerbConditional+CoreDataProperties.swift in Sources */,
				D2F9B2C31DC101F700D38035 /* Verb+CoreDataClass.swift in Sources */,
				D210A5C11DC113EA007C32EA /* VerbImperative+CoreDataProperties.swift in Sources */,
				D2CB7C2E1DA047D30032B342 /* IrishGaelicVocabulary.xcdatamodeld in Sources */,
				D210A5BA1DC113EA007C32EA /* VerbFuture+CoreDataClass.swift in Sources */,
			);
			runOnlyForDeploymentPostprocessing = 0;
		};
/* End PBXSourcesBuildPhase section */

/* Begin PBXVariantGroup section */
		D2CB7C291DA047D30032B342 /* Main.storyboard */ = {
			isa = PBXVariantGroup;
			children = (
				D2CB7C2A1DA047D30032B342 /* Base */,
			);
			name = Main.storyboard;
			sourceTree = "<group>";
		};
		D2CB7C311DA047D30032B342 /* LaunchScreen.storyboard */ = {
			isa = PBXVariantGroup;
			children = (
				D2CB7C321DA047D30032B342 /* Base */,
			);
			name = LaunchScreen.storyboard;
			sourceTree = "<group>";
		};
/* End PBXVariantGroup section */

/* Begin XCBuildConfiguration section */
		D2CB7C351DA047D30032B342 /* Debug */ = {
			isa = XCBuildConfiguration;
			buildSettings = {
				ALWAYS_SEARCH_USER_PATHS = NO;
				CLANG_ANALYZER_NONNULL = YES;
				CLANG_CXX_LANGUAGE_STANDARD = "gnu++0x";
				CLANG_CXX_LIBRARY = "libc++";
				CLANG_ENABLE_MODULES = YES;
				CLANG_ENABLE_OBJC_ARC = YES;
				CLANG_WARN_BOOL_CONVERSION = YES;
				CLANG_WARN_CONSTANT_CONVERSION = YES;
				CLANG_WARN_DIRECT_OBJC_ISA_USAGE = YES_ERROR;
				CLANG_WARN_DOCUMENTATION_COMMENTS = YES;
				CLANG_WARN_EMPTY_BODY = YES;
				CLANG_WARN_ENUM_CONVERSION = YES;
				CLANG_WARN_INFINITE_RECURSION = YES;
				CLANG_WARN_INT_CONVERSION = YES;
				CLANG_WARN_OBJC_ROOT_CLASS = YES_ERROR;
				CLANG_WARN_SUSPICIOUS_MOVE = YES;
				CLANG_WARN_SUSPICIOUS_MOVES = YES;
				CLANG_WARN_UNREACHABLE_CODE = YES;
				CLANG_WARN__DUPLICATE_METHOD_MATCH = YES;
				"CODE_SIGN_IDENTITY[sdk=iphoneos*]" = "iPhone Developer";
				COPY_PHASE_STRIP = NO;
				DEBUG_INFORMATION_FORMAT = dwarf;
				ENABLE_STRICT_OBJC_MSGSEND = YES;
				ENABLE_TESTABILITY = YES;
				GCC_C_LANGUAGE_STANDARD = gnu99;
				GCC_DYNAMIC_NO_PIC = NO;
				GCC_NO_COMMON_BLOCKS = YES;
				GCC_OPTIMIZATION_LEVEL = 0;
				GCC_PREPROCESSOR_DEFINITIONS = (
					"DEBUG=1",
					"$(inherited)",
				);
				GCC_WARN_64_TO_32_BIT_CONVERSION = YES;
				GCC_WARN_ABOUT_RETURN_TYPE = YES_ERROR;
				GCC_WARN_UNDECLARED_SELECTOR = YES;
				GCC_WARN_UNINITIALIZED_AUTOS = YES_AGGRESSIVE;
				GCC_WARN_UNUSED_FUNCTION = YES;
				GCC_WARN_UNUSED_VARIABLE = YES;
				IPHONEOS_DEPLOYMENT_TARGET = 10.0;
				MTL_ENABLE_DEBUG_INFO = YES;
				ONLY_ACTIVE_ARCH = YES;
				SDKROOT = iphoneos;
				SWIFT_ACTIVE_COMPILATION_CONDITIONS = DEBUG;
				SWIFT_OPTIMIZATION_LEVEL = "-Onone";
			};
			name = Debug;
		};
		D2CB7C361DA047D30032B342 /* Release */ = {
			isa = XCBuildConfiguration;
			buildSettings = {
				ALWAYS_SEARCH_USER_PATHS = NO;
				CLANG_ANALYZER_NONNULL = YES;
				CLANG_CXX_LANGUAGE_STANDARD = "gnu++0x";
				CLANG_CXX_LIBRARY = "libc++";
				CLANG_ENABLE_MODULES = YES;
				CLANG_ENABLE_OBJC_ARC = YES;
				CLANG_WARN_BOOL_CONVERSION = YES;
				CLANG_WARN_CONSTANT_CONVERSION = YES;
				CLANG_WARN_DIRECT_OBJC_ISA_USAGE = YES_ERROR;
				CLANG_WARN_DOCUMENTATION_COMMENTS = YES;
				CLANG_WARN_EMPTY_BODY = YES;
				CLANG_WARN_ENUM_CONVERSION = YES;
				CLANG_WARN_INFINITE_RECURSION = YES;
				CLANG_WARN_INT_CONVERSION = YES;
				CLANG_WARN_OBJC_ROOT_CLASS = YES_ERROR;
				CLANG_WARN_SUSPICIOUS_MOVE = YES;
				CLANG_WARN_SUSPICIOUS_MOVES = YES;
				CLANG_WARN_UNREACHABLE_CODE = YES;
				CLANG_WARN__DUPLICATE_METHOD_MATCH = YES;
				"CODE_SIGN_IDENTITY[sdk=iphoneos*]" = "iPhone Developer";
				COPY_PHASE_STRIP = NO;
				DEBUG_INFORMATION_FORMAT = "dwarf-with-dsym";
				ENABLE_NS_ASSERTIONS = NO;
				ENABLE_STRICT_OBJC_MSGSEND = YES;
				GCC_C_LANGUAGE_STANDARD = gnu99;
				GCC_NO_COMMON_BLOCKS = YES;
				GCC_WARN_64_TO_32_BIT_CONVERSION = YES;
				GCC_WARN_ABOUT_RETURN_TYPE = YES_ERROR;
				GCC_WARN_UNDECLARED_SELECTOR = YES;
				GCC_WARN_UNINITIALIZED_AUTOS = YES_AGGRESSIVE;
				GCC_WARN_UNUSED_FUNCTION = YES;
				GCC_WARN_UNUSED_VARIABLE = YES;
				IPHONEOS_DEPLOYMENT_TARGET = 10.0;
				MTL_ENABLE_DEBUG_INFO = NO;
				SDKROOT = iphoneos;
				SWIFT_OPTIMIZATION_LEVEL = "-Owholemodule";
				VALIDATE_PRODUCT = YES;
			};
			name = Release;
		};
		D2CB7C381DA047D30032B342 /* Debug */ = {
			isa = XCBuildConfiguration;
			buildSettings = {
				ASSETCATALOG_COMPILER_APPICON_NAME = AppIcon;
				DEVELOPMENT_TEAM = WEW965C484;
				INFOPLIST_FILE = IrishGaelicVocabulary/Info.plist;
				LD_RUNPATH_SEARCH_PATHS = "$(inherited) @executable_path/Frameworks";
				PRODUCT_BUNDLE_IDENTIFIER = com.teangacha.IrishGaelicVocabulary;
				PRODUCT_NAME = "$(TARGET_NAME)";
				SWIFT_VERSION = 3.0;
			};
			name = Debug;
		};
		D2CB7C391DA047D30032B342 /* Release */ = {
			isa = XCBuildConfiguration;
			buildSettings = {
				ASSETCATALOG_COMPILER_APPICON_NAME = AppIcon;
				DEVELOPMENT_TEAM = WEW965C484;
				INFOPLIST_FILE = IrishGaelicVocabulary/Info.plist;
				LD_RUNPATH_SEARCH_PATHS = "$(inherited) @executable_path/Frameworks";
				PRODUCT_BUNDLE_IDENTIFIER = com.teangacha.IrishGaelicVocabulary;
				PRODUCT_NAME = "$(TARGET_NAME)";
				SWIFT_VERSION = 3.0;
			};
			name = Release;
		};
/* End XCBuildConfiguration section */

/* Begin XCConfigurationList section */
		D2CB7C1D1DA047D30032B342 /* Build configuration list for PBXProject "IrishGaelicVocabulary" */ = {
			isa = XCConfigurationList;
			buildConfigurations = (
				D2CB7C351DA047D30032B342 /* Debug */,
				D2CB7C361DA047D30032B342 /* Release */,
			);
			defaultConfigurationIsVisible = 0;
			defaultConfigurationName = Release;
		};
		D2CB7C371DA047D30032B342 /* Build configuration list for PBXNativeTarget "IrishGaelicVocabulary" */ = {
			isa = XCConfigurationList;
			buildConfigurations = (
				D2CB7C381DA047D30032B342 /* Debug */,
				D2CB7C391DA047D30032B342 /* Release */,
			);
			defaultConfigurationIsVisible = 0;
			defaultConfigurationName = Release;
		};
/* End XCConfigurationList section */

/* Begin XCVersionGroup section */
		D2CB7C2C1DA047D30032B342 /* IrishGaelicVocabulary.xcdatamodeld */ = {
			isa = XCVersionGroup;
			children = (
				D2CB7C2D1DA047D30032B342 /* IrishGaelicVocabulary.xcdatamodel */,
			);
			currentVersion = D2CB7C2D1DA047D30032B342 /* IrishGaelicVocabulary.xcdatamodel */;
			path = IrishGaelicVocabulary.xcdatamodeld;
			sourceTree = "<group>";
			versionGroupType = wrapper.xcdatamodel;
		};
/* End XCVersionGroup section */
	};
	rootObject = D2CB7C1A1DA047D30032B342 /* Project object */;
}
